
Microsoft Visual Studio Solution File, Format Version 12.00
# Visual Studio 15
VisualStudioVersion = 15.0.27130.2036
MinimumVisualStudioVersion = 10.0.40219.1
Project("{FAE04EC0-301F-11D3-BF4B-00C04F79EFBC}") = "VendeeCrop", "VendeeCrop\VendeeCrop.csproj", "{FFED8326-1C9E-402D-B3AA-07FB9B933986}"
EndProject
Project("{CC5FD16D-436D-48AD-A40C-5A424C6E3E79}") = "VendeeCrop.Azure", "VendeeCrop.Azure\VendeeCrop.Azure.ccproj", "{52D34943-0266-4AE3-91FF-D49FF6758C4F}"
EndProject
Global
	GlobalSection(SolutionConfigurationPlatforms) = preSolution
		Debug|Any CPU = Debug|Any CPU
		Release|Any CPU = Release|Any CPU
	EndGlobalSection
	GlobalSection(ProjectConfigurationPlatforms) = postSolution
		{FFED8326-1C9E-402D-B3AA-07FB9B933986}.Debug|Any CPU.ActiveCfg = Debug|Any CPU
		{FFED8326-1C9E-402D-B3AA-07FB9B933986}.Debug|Any CPU.Build.0 = Debug|Any CPU
		{FFED8326-1C9E-402D-B3AA-07FB9B933986}.Release|Any CPU.ActiveCfg = Release|Any CPU
		{FFED8326-1C9E-402D-B3AA-07FB9B933986}.Release|Any CPU.Build.0 = Release|Any CPU
		{52D34943-0266-4AE3-91FF-D49FF6758C4F}.Debug|Any CPU.ActiveCfg = Debug|Any CPU
		{52D34943-0266-4AE3-91FF-D49FF6758C4F}.Debug|Any CPU.Build.0 = Debug|Any CPU
		{52D34943-0266-4AE3-91FF-D49FF6758C4F}.Release|Any CPU.ActiveCfg = Release|Any CPU
		{52D34943-0266-4AE3-91FF-D49FF6758C4F}.Release|Any CPU.Build.0 = Release|Any CPU
	EndGlobalSection
	GlobalSection(SolutionProperties) = preSolution
		HideSolutionNode = FALSE
	EndGlobalSection
	GlobalSection(ExtensibilityGlobals) = postSolution
		SolutionGuid = {43D9ADF6-E3E3-48AC-A78C-82540AC327E6}
	EndGlobalSection
EndGlobal
